
Microsoft Visual Studio Solution File, Format Version 12.00
# Visual Studio Version 16
VisualStudioVersion = 16.0.31402.337
MinimumVisualStudioVersion = 10.0.40219.1
Project("{FAE04EC0-301F-11D3-BF4B-00C04F79EFBC}") = "WebApiUberEats", "WebApiUberEats\WebApiUberEats.csproj", "{B48A4D78-E50B-4F4E-A583-54D02DD98502}"
EndProject
Global
	GlobalSection(SolutionConfigurationPlatforms) = preSolution
		Debug|Any CPU = Debug|Any CPU
		Release|Any CPU = Release|Any CPU
	EndGlobalSection
	GlobalSection(ProjectConfigurationPlatforms) = postSolution
		{B48A4D78-E50B-4F4E-A583-54D02DD98502}.Debug|Any CPU.ActiveCfg = Debug|Any CPU
		{B48A4D78-E50B-4F4E-A583-54D02DD98502}.Debug|Any CPU.Build.0 = Debug|Any CPU
		{B48A4D78-E50B-4F4E-A583-54D02DD98502}.Release|Any CPU.ActiveCfg = Release|Any CPU
		{B48A4D78-E50B-4F4E-A583-54D02DD98502}.Release|Any CPU.Build.0 = Release|Any CPU
	EndGlobalSection
	GlobalSection(SolutionProperties) = preSolution
		HideSolutionNode = FALSE
	EndGlobalSection
	GlobalSection(ExtensibilityGlobals) = postSolution
		SolutionGuid = {B499EF51-0909-445F-9AAB-79347492E6BB}
	EndGlobalSection
EndGlobal
